
Microsoft Visual Studio Solution File, Format Version 12.00
# Visual Studio Version 16
VisualStudioVersion = 16.0.31729.503
MinimumVisualStudioVersion = 10.0.40219.1
Project("{FAE04EC0-301F-11D3-BF4B-00C04F79EFBC}") = "CRUDWinFormsMVP", "CRUDWinFormsMVP\CRUDWinFormsMVP.csproj", "{0F780351-C555-4648-8A44-1D83C4AD4B7A}"
EndProject
Global
	GlobalSection(SolutionConfigurationPlatforms) = preSolution
		Debug|Any CPU = Debug|Any CPU
		Release|Any CPU = Release|Any CPU
	EndGlobalSection
	GlobalSection(ProjectConfigurationPlatforms) = postSolution
		{0F780351-C555-4648-8A44-1D83C4AD4B7A}.Debug|Any CPU.ActiveCfg = Debug|Any CPU
		{0F780351-C555-4648-8A44-1D83C4AD4B7A}.Debug|Any CPU.Build.0 = Debug|Any CPU
		{0F780351-C555-4648-8A44-1D83C4AD4B7A}.Release|Any CPU.ActiveCfg = Release|Any CPU
		{0F780351-C555-4648-8A44-1D83C4AD4B7A}.Release|Any CPU.Build.0 = Release|Any CPU
	EndGlobalSection
	GlobalSection(SolutionProperties) = preSolution
		HideSolutionNode = FALSE
	EndGlobalSection
	GlobalSection(ExtensibilityGlobals) = postSolution
		SolutionGuid = {76BE2FDE-057E-4676-989B-D17C98595A2F}
	EndGlobalSection
EndGlobal
